
Microsoft Visual Studio Solution File, Format Version 12.00
# Visual Studio Version 17
VisualStudioVersion = 17.8.34525.116
MinimumVisualStudioVersion = 10.0.40219.1
Project("{FAE04EC0-301F-11D3-BF4B-00C04F79EFBC}") = "Praca Domowa 3", "Praca Domowa 3\Praca Domowa 3.csproj", "{2A8C4FC2-E511-415F-B36D-45F4EBFC387B}"
EndProject
Global
	GlobalSection(SolutionConfigurationPlatforms) = preSolution
		Debug|Any CPU = Debug|Any CPU
		Release|Any CPU = Release|Any CPU
	EndGlobalSection
	GlobalSection(ProjectConfigurationPlatforms) = postSolution
		{2A8C4FC2-E511-415F-B36D-45F4EBFC387B}.Debug|Any CPU.ActiveCfg = Debug|Any CPU
		{2A8C4FC2-E511-415F-B36D-45F4EBFC387B}.Debug|Any CPU.Build.0 = Debug|Any CPU
		{2A8C4FC2-E511-415F-B36D-45F4EBFC387B}.Release|Any CPU.ActiveCfg = Release|Any CPU
		{2A8C4FC2-E511-415F-B36D-45F4EBFC387B}.Release|Any CPU.Build.0 = Release|Any CPU
	EndGlobalSection
	GlobalSection(SolutionProperties) = preSolution
		HideSolutionNode = FALSE
	EndGlobalSection
	GlobalSection(ExtensibilityGlobals) = postSolution
		SolutionGuid = {871FD871-E205-4764-BBE0-92CEA179EB6C}
	EndGlobalSection
EndGlobal
